// !$*UTF8*$!
{
	archiveVersion = 1;
	classes = {
	};
	objectVersion = 51;
	objects = {

/* Begin PBXBuildFile section */
		368659E829D025EC7934B4D8 /* Pods_M1_MeshiQue.framework in Frameworks */ = {isa = PBXBuildFile; fileRef = 4FB8C0105BA4B98252A9AD05 /* Pods_M1_MeshiQue.framework */; };
		B15386F52508B80100FE3845 /* AppDelegate.swift in Sources */ = {isa = PBXBuildFile; fileRef = B15386F42508B80100FE3845 /* AppDelegate.swift */; };
		B15386F72508B80100FE3845 /* SceneDelegate.swift in Sources */ = {isa = PBXBuildFile; fileRef = B15386F62508B80100FE3845 /* SceneDelegate.swift */; };
		B15386F92508B80100FE3845 /* ContentView.swift in Sources */ = {isa = PBXBuildFile; fileRef = B15386F82508B80100FE3845 /* ContentView.swift */; };
		B15386FB2508B80200FE3845 /* Assets.xcassets in Resources */ = {isa = PBXBuildFile; fileRef = B15386FA2508B80200FE3845 /* Assets.xcassets */; };
		B15386FE2508B80200FE3845 /* Preview Assets.xcassets in Resources */ = {isa = PBXBuildFile; fileRef = B15386FD2508B80200FE3845 /* Preview Assets.xcassets */; };
		B15387012508B80200FE3845 /* LaunchScreen.storyboard in Resources */ = {isa = PBXBuildFile; fileRef = B15386FF2508B80200FE3845 /* LaunchScreen.storyboard */; };
		B174311C25162708001BFC27 /* HeroGaugeView.swift in Sources */ = {isa = PBXBuildFile; fileRef = B174311B25162708001BFC27 /* HeroGaugeView.swift */; };
		B174311F25163FDE001BFC27 /* MeshiQueViewModel.swift in Sources */ = {isa = PBXBuildFile; fileRef = B174311E25163FDE001BFC27 /* MeshiQueViewModel.swift */; };
		B174312425164527001BFC27 /* HeroModel.swift in Sources */ = {isa = PBXBuildFile; fileRef = B174312325164527001BFC27 /* HeroModel.swift */; };
		B190BA5425111D0E00077FDA /* GaugeView.swift in Sources */ = {isa = PBXBuildFile; fileRef = B190BA5325111D0E00077FDA /* GaugeView.swift */; };
		B190BA56251120CC00077FDA /* MonsterView.swift in Sources */ = {isa = PBXBuildFile; fileRef = B190BA55251120CC00077FDA /* MonsterView.swift */; };
		B190BA5925112C8300077FDA /* OpeningView.swift in Sources */ = {isa = PBXBuildFile; fileRef = B190BA5825112C8300077FDA /* OpeningView.swift */; };
		B1C615CA2516572200BDA779 /* Helper.swift in Sources */ = {isa = PBXBuildFile; fileRef = B1C615C92516572200BDA779 /* Helper.swift */; };
		B1C615CC251659A800BDA779 /* MonsterModel.swift in Sources */ = {isa = PBXBuildFile; fileRef = B1C615CB251659A800BDA779 /* MonsterModel.swift */; };
		B1C615CF2518B77200BDA779 /* bgm_opening.mp3 in Resources */ = {isa = PBXBuildFile; fileRef = B1C615CE2518B77200BDA779 /* bgm_opening.mp3 */; };
		B1C615D12518D98300BDA779 /* se_heroAttack.mp3 in Resources */ = {isa = PBXBuildFile; fileRef = B1C615D02518D98300BDA779 /* se_heroAttack.mp3 */; };
		B1C615D32518D98B00BDA779 /* se_escape.mp3 in Resources */ = {isa = PBXBuildFile; fileRef = B1C615D22518D98B00BDA779 /* se_escape.mp3 */; };
		B1C615D52518D99900BDA779 /* se_monsterAttack.mp3 in Resources */ = {isa = PBXBuildFile; fileRef = B1C615D42518D99900BDA779 /* se_monsterAttack.mp3 */; };
		B1C615D72518DE6400BDA779 /* bgm_battle1.mp3 in Resources */ = {isa = PBXBuildFile; fileRef = B1C615D62518DE6400BDA779 /* bgm_battle1.mp3 */; };
		B1C615D92518E03600BDA779 /* bgm_gameover.mp3 in Resources */ = {isa = PBXBuildFile; fileRef = B1C615D82518E03600BDA779 /* bgm_gameover.mp3 */; };
		B1C615DB2518E15D00BDA779 /* bgm_gameclear.mp3 in Resources */ = {isa = PBXBuildFile; fileRef = B1C615DA2518E15D00BDA779 /* bgm_gameclear.mp3 */; };
		B1E5C0082510FF9A001A4679 /* BattleView.swift in Sources */ = {isa = PBXBuildFile; fileRef = B1E5C0072510FF9A001A4679 /* BattleView.swift */; };
		B1E5C00B2511111C001A4679 /* DragonQuestFC.ttf in Resources */ = {isa = PBXBuildFile; fileRef = B1E5C00A2511111C001A4679 /* DragonQuestFC.ttf */; };
		B1F23FCF2519ED7400A4E4AF /* bgm_battle2.mp3 in Resources */ = {isa = PBXBuildFile; fileRef = B1F23FCE2519ED7400A4E4AF /* bgm_battle2.mp3 */; };
		B1F23FD12519F1DB00A4E4AF /* bgm_nextstage.mp3 in Resources */ = {isa = PBXBuildFile; fileRef = B1F23FD02519F1DB00A4E4AF /* bgm_nextstage.mp3 */; };
/* End PBXBuildFile section */

/* Begin PBXFileReference section */
		02A90FD9873B41C8BAF202A0 /* Pods-M1-MeshiQue.debug.xcconfig */ = {isa = PBXFileReference; includeInIndex = 1; lastKnownFileType = text.xcconfig; name = "Pods-M1-MeshiQue.debug.xcconfig"; path = "Target Support Files/Pods-M1-MeshiQue/Pods-M1-MeshiQue.debug.xcconfig"; sourceTree = "<group>"; };
		0CEA63D32E2FC8014CA8E7E6 /* Pods-M1-MeshiQue.release.xcconfig */ = {isa = PBXFileReference; includeInIndex = 1; lastKnownFileType = text.xcconfig; name = "Pods-M1-MeshiQue.release.xcconfig"; path = "Target Support Files/Pods-M1-MeshiQue/Pods-M1-MeshiQue.release.xcconfig"; sourceTree = "<group>"; };
		4FB8C0105BA4B98252A9AD05 /* Pods_M1_MeshiQue.framework */ = {isa = PBXFileReference; explicitFileType = wrapper.framework; includeInIndex = 0; path = Pods_M1_MeshiQue.framework; sourceTree = BUILT_PRODUCTS_DIR; };
		B15386F12508B80100FE3845 /* M1-MeshiQue.app */ = {isa = PBXFileReference; explicitFileType = wrapper.application; includeInIndex = 0; path = "M1-MeshiQue.app"; sourceTree = BUILT_PRODUCTS_DIR; };
		B15386F42508B80100FE3845 /* AppDelegate.swift */ = {isa = PBXFileReference; lastKnownFileType = sourcecode.swift; path = AppDelegate.swift; sourceTree = "<group>"; };
		B15386F62508B80100FE3845 /* SceneDelegate.swift */ = {isa = PBXFileReference; lastKnownFileType = sourcecode.swift; path = SceneDelegate.swift; sourceTree = "<group>"; };
		B15386F82508B80100FE3845 /* ContentView.swift */ = {isa = PBXFileReference; lastKnownFileType = sourcecode.swift; path = ContentView.swift; sourceTree = "<group>"; };
		B15386FA2508B80200FE3845 /* Assets.xcassets */ = {isa = PBXFileReference; lastKnownFileType = folder.assetcatalog; path = Assets.xcassets; sourceTree = "<group>"; };
		B15386FD2508B80200FE3845 /* Preview Assets.xcassets */ = {isa = PBXFileReference; lastKnownFileType = folder.assetcatalog; path = "Preview Assets.xcassets"; sourceTree = "<group>"; };
		B15387002508B80200FE3845 /* Base */ = {isa = PBXFileReference; lastKnownFileType = file.storyboard; name = Base; path = Base.lproj/LaunchScreen.storyboard; sourceTree = "<group>"; };
		B15387022508B80200FE3845 /* Info.plist */ = {isa = PBXFileReference; lastKnownFileType = text.plist.xml; path = Info.plist; sourceTree = "<group>"; };
		B174311B25162708001BFC27 /* HeroGaugeView.swift */ = {isa = PBXFileReference; lastKnownFileType = sourcecode.swift; path = HeroGaugeView.swift; sourceTree = "<group>"; };
		B174311E25163FDE001BFC27 /* MeshiQueViewModel.swift */ = {isa = PBXFileReference; lastKnownFileType = sourcecode.swift; path = MeshiQueViewModel.swift; sourceTree = "<group>"; };
		B174312325164527001BFC27 /* HeroModel.swift */ = {isa = PBXFileReference; lastKnownFileType = sourcecode.swift; path = HeroModel.swift; sourceTree = "<group>"; };
		B190BA5325111D0E00077FDA /* GaugeView.swift */ = {isa = PBXFileReference; lastKnownFileType = sourcecode.swift; path = GaugeView.swift; sourceTree = "<group>"; };
		B190BA55251120CC00077FDA /* MonsterView.swift */ = {isa = PBXFileReference; lastKnownFileType = sourcecode.swift; path = MonsterView.swift; sourceTree = "<group>"; };
		B190BA5825112C8300077FDA /* OpeningView.swift */ = {isa = PBXFileReference; lastKnownFileType = sourcecode.swift; path = OpeningView.swift; sourceTree = "<group>"; };
		B1C615C92516572200BDA779 /* Helper.swift */ = {isa = PBXFileReference; lastKnownFileType = sourcecode.swift; path = Helper.swift; sourceTree = "<group>"; };
		B1C615CB251659A800BDA779 /* MonsterModel.swift */ = {isa = PBXFileReference; lastKnownFileType = sourcecode.swift; path = MonsterModel.swift; sourceTree = "<group>"; };
		B1C615CE2518B77200BDA779 /* bgm_opening.mp3 */ = {isa = PBXFileReference; lastKnownFileType = audio.mp3; path = bgm_opening.mp3; sourceTree = "<group>"; };
		B1C615D02518D98300BDA779 /* se_heroAttack.mp3 */ = {isa = PBXFileReference; lastKnownFileType = audio.mp3; path = se_heroAttack.mp3; sourceTree = "<group>"; };
		B1C615D22518D98B00BDA779 /* se_escape.mp3 */ = {isa = PBXFileReference; lastKnownFileType = audio.mp3; path = se_escape.mp3; sourceTree = "<group>"; };
		B1C615D42518D99900BDA779 /* se_monsterAttack.mp3 */ = {isa = PBXFileReference; lastKnownFileType = audio.mp3; path = se_monsterAttack.mp3; sourceTree = "<group>"; };
		B1C615D62518DE6400BDA779 /* bgm_battle1.mp3 */ = {isa = PBXFileReference; lastKnownFileType = audio.mp3; path = bgm_battle1.mp3; sourceTree = "<group>"; };
		B1C615D82518E03600BDA779 /* bgm_gameover.mp3 */ = {isa = PBXFileReference; lastKnownFileType = audio.mp3; path = bgm_gameover.mp3; sourceTree = "<group>"; };
		B1C615DA2518E15D00BDA779 /* bgm_gameclear.mp3 */ = {isa = PBXFileReference; lastKnownFileType = audio.mp3; path = bgm_gameclear.mp3; sourceTree = "<group>"; };
		B1E5C0072510FF9A001A4679 /* BattleView.swift */ = {isa = PBXFileReference; lastKnownFileType = sourcecode.swift; path = BattleView.swift; sourceTree = "<group>"; };
		B1E5C00A2511111C001A4679 /* DragonQuestFC.ttf */ = {isa = PBXFileReference; lastKnownFileType = file; path = DragonQuestFC.ttf; sourceTree = "<group>"; };
		B1F23FCE2519ED7400A4E4AF /* bgm_battle2.mp3 */ = {isa = PBXFileReference; lastKnownFileType = audio.mp3; path = bgm_battle2.mp3; sourceTree = "<group>"; };
		B1F23FD02519F1DB00A4E4AF /* bgm_nextstage.mp3 */ = {isa = PBXFileReference; lastKnownFileType = audio.mp3; path = bgm_nextstage.mp3; sourceTree = "<group>"; };
/* End PBXFileReference section */

/* Begin PBXFrameworksBuildPhase section */
		B15386EE2508B80100FE3845 /* Frameworks */ = {
			isa = PBXFrameworksBuildPhase;
			buildActionMask = 2147483647;
			files = (
				368659E829D025EC7934B4D8 /* Pods_M1_MeshiQue.framework in Frameworks */,
			);
			runOnlyForDeploymentPostprocessing = 0;
		};
/* End PBXFrameworksBuildPhase section */

/* Begin PBXGroup section */
		6888D55CEDC6AC61700BE893 /* Frameworks */ = {
			isa = PBXGroup;
			children = (
				4FB8C0105BA4B98252A9AD05 /* Pods_M1_MeshiQue.framework */,
			);
			name = Frameworks;
			sourceTree = "<group>";
		};
		99AD86A92C3BCA0A3C9BFBC1 /* Pods */ = {
			isa = PBXGroup;
			children = (
				02A90FD9873B41C8BAF202A0 /* Pods-M1-MeshiQue.debug.xcconfig */,
				0CEA63D32E2FC8014CA8E7E6 /* Pods-M1-MeshiQue.release.xcconfig */,
			);
			path = Pods;
			sourceTree = "<group>";
		};
		B15386E82508B80100FE3845 = {
			isa = PBXGroup;
			children = (
				B15386F32508B80100FE3845 /* M1-MeshiQue */,
				B15386F22508B80100FE3845 /* Products */,
				99AD86A92C3BCA0A3C9BFBC1 /* Pods */,
				6888D55CEDC6AC61700BE893 /* Frameworks */,
			);
			sourceTree = "<group>";
		};
		B15386F22508B80100FE3845 /* Products */ = {
			isa = PBXGroup;
			children = (
				B15386F12508B80100FE3845 /* M1-MeshiQue.app */,
			);
			name = Products;
			sourceTree = "<group>";
		};
		B15386F32508B80100FE3845 /* M1-MeshiQue */ = {
			isa = PBXGroup;
			children = (
				B1C615CD2518B73500BDA779 /* sounds */,
				B1E5C009251110F5001A4679 /* fonts */,
				B17431202516403D001BFC27 /* Model */,
				B174311D25163E7A001BFC27 /* ViewModel */,
				B190BA57251120DA00077FDA /* View */,
				B15386F42508B80100FE3845 /* AppDelegate.swift */,
				B15386F62508B80100FE3845 /* SceneDelegate.swift */,
				B15386FA2508B80200FE3845 /* Assets.xcassets */,
				B15386FF2508B80200FE3845 /* LaunchScreen.storyboard */,
				B15387022508B80200FE3845 /* Info.plist */,
				B15386FC2508B80200FE3845 /* Preview Content */,
			);
			path = "M1-MeshiQue";
			sourceTree = "<group>";
		};
		B15386FC2508B80200FE3845 /* Preview Content */ = {
			isa = PBXGroup;
			children = (
				B15386FD2508B80200FE3845 /* Preview Assets.xcassets */,
			);
			path = "Preview Content";
			sourceTree = "<group>";
		};
		B174311D25163E7A001BFC27 /* ViewModel */ = {
			isa = PBXGroup;
			children = (
				B174311E25163FDE001BFC27 /* MeshiQueViewModel.swift */,
			);
			path = ViewModel;
			sourceTree = "<group>";
		};
		B17431202516403D001BFC27 /* Model */ = {
			isa = PBXGroup;
			children = (
				B174312325164527001BFC27 /* HeroModel.swift */,
				B1C615CB251659A800BDA779 /* MonsterModel.swift */,
				B1C615C92516572200BDA779 /* Helper.swift */,
			);
			path = Model;
			sourceTree = "<group>";
		};
		B190BA57251120DA00077FDA /* View */ = {
			isa = PBXGroup;
			children = (
				B15386F82508B80100FE3845 /* ContentView.swift */,
				B1E5C0072510FF9A001A4679 /* BattleView.swift */,
				B190BA5325111D0E00077FDA /* GaugeView.swift */,
				B174311B25162708001BFC27 /* HeroGaugeView.swift */,
				B190BA55251120CC00077FDA /* MonsterView.swift */,
				B190BA5825112C8300077FDA /* OpeningView.swift */,
			);
			path = View;
			sourceTree = "<group>";
		};
		B1C615CD2518B73500BDA779 /* sounds */ = {
			isa = PBXGroup;
			children = (
				B1C615D62518DE6400BDA779 /* bgm_battle1.mp3 */,
				B1F23FCE2519ED7400A4E4AF /* bgm_battle2.mp3 */,
				B1C615CE2518B77200BDA779 /* bgm_opening.mp3 */,
				B1C615DA2518E15D00BDA779 /* bgm_gameclear.mp3 */,
				B1C615D82518E03600BDA779 /* bgm_gameover.mp3 */,
				B1F23FD02519F1DB00A4E4AF /* bgm_nextstage.mp3 */,
				B1C615D02518D98300BDA779 /* se_heroAttack.mp3 */,
				B1C615D22518D98B00BDA779 /* se_escape.mp3 */,
				B1C615D42518D99900BDA779 /* se_monsterAttack.mp3 */,
			);
			path = sounds;
			sourceTree = "<group>";
		};
		B1E5C009251110F5001A4679 /* fonts */ = {
			isa = PBXGroup;
			children = (
				B1E5C00A2511111C001A4679 /* DragonQuestFC.ttf */,
			);
			path = fonts;
			sourceTree = "<group>";
		};
/* End PBXGroup section */

/* Begin PBXNativeTarget section */
		B15386F02508B80100FE3845 /* M1-MeshiQue */ = {
			isa = PBXNativeTarget;
			buildConfigurationList = B15387052508B80200FE3845 /* Build configuration list for PBXNativeTarget "M1-MeshiQue" */;
			buildPhases = (
				BAF4DE3C3F89A0680003B20A /* [CP] Check Pods Manifest.lock */,
				B15386ED2508B80100FE3845 /* Sources */,
				B15386EE2508B80100FE3845 /* Frameworks */,
				B15386EF2508B80100FE3845 /* Resources */,
				761DCF433926999264599051 /* [CP] Embed Pods Frameworks */,
			);
			buildRules = (
			);
			dependencies = (
			);
			name = "M1-MeshiQue";
			productName = "M1-MeshiQue";
			productReference = B15386F12508B80100FE3845 /* M1-MeshiQue.app */;
			productType = "com.apple.product-type.application";
		};
/* End PBXNativeTarget section */

/* Begin PBXProject section */
		B15386E92508B80100FE3845 /* Project object */ = {
			isa = PBXProject;
			attributes = {
				LastSwiftUpdateCheck = 1170;
				LastUpgradeCheck = 1170;
				ORGANIZATIONNAME = "中岡黎";
				TargetAttributes = {
					B15386F02508B80100FE3845 = {
						CreatedOnToolsVersion = 11.7;
					};
				};
			};
			buildConfigurationList = B15386EC2508B80100FE3845 /* Build configuration list for PBXProject "M1-MeshiQue" */;
			compatibilityVersion = "Xcode 9.3";
			developmentRegion = en;
			hasScannedForEncodings = 0;
			knownRegions = (
				en,
				Base,
			);
			mainGroup = B15386E82508B80100FE3845;
			productRefGroup = B15386F22508B80100FE3845 /* Products */;
			projectDirPath = "";
			projectRoot = "";
			targets = (
				B15386F02508B80100FE3845 /* M1-MeshiQue */,
			);
		};
/* End PBXProject section */

/* Begin PBXResourcesBuildPhase section */
		B15386EF2508B80100FE3845 /* Resources */ = {
			isa = PBXResourcesBuildPhase;
			buildActionMask = 2147483647;
			files = (
				B1C615D12518D98300BDA779 /* se_heroAttack.mp3 in Resources */,
				B1C615D52518D99900BDA779 /* se_monsterAttack.mp3 in Resources */,
				B15387012508B80200FE3845 /* LaunchScreen.storyboard in Resources */,
				B1C615DB2518E15D00BDA779 /* bgm_gameclear.mp3 in Resources */,
				B1F23FD12519F1DB00A4E4AF /* bgm_nextstage.mp3 in Resources */,
				B1F23FCF2519ED7400A4E4AF /* bgm_battle2.mp3 in Resources */,
				B1C615D32518D98B00BDA779 /* se_escape.mp3 in Resources */,
				B1C615D72518DE6400BDA779 /* bgm_battle1.mp3 in Resources */,
				B1C615D92518E03600BDA779 /* bgm_gameover.mp3 in Resources */,
				B15386FE2508B80200FE3845 /* Preview Assets.xcassets in Resources */,
				B1C615CF2518B77200BDA779 /* bgm_opening.mp3 in Resources */,
				B15386FB2508B80200FE3845 /* Assets.xcassets in Resources */,
				B1E5C00B2511111C001A4679 /* DragonQuestFC.ttf in Resources */,
			);
			runOnlyForDeploymentPostprocessing = 0;
		};
/* End PBXResourcesBuildPhase section */

/* Begin PBXShellScriptBuildPhase section */
		761DCF433926999264599051 /* [CP] Embed Pods Frameworks */ = {
			isa = PBXShellScriptBuildPhase;
			buildActionMask = 2147483647;
			files = (
			);
			inputFileListPaths = (
				"${PODS_ROOT}/Target Support Files/Pods-M1-MeshiQue/Pods-M1-MeshiQue-frameworks-${CONFIGURATION}-input-files.xcfilelist",
			);
			name = "[CP] Embed Pods Frameworks";
			outputFileListPaths = (
				"${PODS_ROOT}/Target Support Files/Pods-M1-MeshiQue/Pods-M1-MeshiQue-frameworks-${CONFIGURATION}-output-files.xcfilelist",
			);
			runOnlyForDeploymentPostprocessing = 0;
			shellPath = /bin/sh;
			shellScript = "\"${PODS_ROOT}/Target Support Files/Pods-M1-MeshiQue/Pods-M1-MeshiQue-frameworks.sh\"\n";
			showEnvVarsInLog = 0;
		};
		BAF4DE3C3F89A0680003B20A /* [CP] Check Pods Manifest.lock */ = {
			isa = PBXShellScriptBuildPhase;
			buildActionMask = 2147483647;
			files = (
			);
			inputFileListPaths = (
			);
			inputPaths = (
				"${PODS_PODFILE_DIR_PATH}/Podfile.lock",
				"${PODS_ROOT}/Manifest.lock",
			);
			name = "[CP] Check Pods Manifest.lock";
			outputFileListPaths = (
			);
			outputPaths = (
				"$(DERIVED_FILE_DIR)/Pods-M1-MeshiQue-checkManifestLockResult.txt",
			);
			runOnlyForDeploymentPostprocessing = 0;
			shellPath = /bin/sh;
			shellScript = "diff \"${PODS_PODFILE_DIR_PATH}/Podfile.lock\" \"${PODS_ROOT}/Manifest.lock\" > /dev/null\nif [ $? != 0 ] ; then\n    # print error to STDERR\n    echo \"error: The sandbox is not in sync with the Podfile.lock. Run 'pod install' or update your CocoaPods installation.\" >&2\n    exit 1\nfi\n# This output is used by Xcode 'outputs' to avoid re-running this script phase.\necho \"SUCCESS\" > \"${SCRIPT_OUTPUT_FILE_0}\"\n";
			showEnvVarsInLog = 0;
		};
/* End PBXShellScriptBuildPhase section */

/* Begin PBXSourcesBuildPhase section */
		B15386ED2508B80100FE3845 /* Sources */ = {
			isa = PBXSourcesBuildPhase;
			buildActionMask = 2147483647;
			files = (
				B174311C25162708001BFC27 /* HeroGaugeView.swift in Sources */,
				B190BA5425111D0E00077FDA /* GaugeView.swift in Sources */,
				B174312425164527001BFC27 /* HeroModel.swift in Sources */,
				B15386F52508B80100FE3845 /* AppDelegate.swift in Sources */,
				B1C615CC251659A800BDA779 /* MonsterModel.swift in Sources */,
				B15386F72508B80100FE3845 /* SceneDelegate.swift in Sources */,
				B1E5C0082510FF9A001A4679 /* BattleView.swift in Sources */,
				B174311F25163FDE001BFC27 /* MeshiQueViewModel.swift in Sources */,
				B190BA5925112C8300077FDA /* OpeningView.swift in Sources */,
				B15386F92508B80100FE3845 /* ContentView.swift in Sources */,
				B190BA56251120CC00077FDA /* MonsterView.swift in Sources */,
				B1C615CA2516572200BDA779 /* Helper.swift in Sources */,
			);
			runOnlyForDeploymentPostprocessing = 0;
		};
/* End PBXSourcesBuildPhase section */

/* Begin PBXVariantGroup section */
		B15386FF2508B80200FE3845 /* LaunchScreen.storyboard */ = {
			isa = PBXVariantGroup;
			children = (
				B15387002508B80200FE3845 /* Base */,
			);
			name = LaunchScreen.storyboard;
			sourceTree = "<group>";
		};
/* End PBXVariantGroup section */

/* Begin XCBuildConfiguration section */
		B15387032508B80200FE3845 /* Debug */ = {
			isa = XCBuildConfiguration;
			buildSettings = {
				ALWAYS_SEARCH_USER_PATHS = NO;
				CLANG_ANALYZER_NONNULL = YES;
				CLANG_ANALYZER_NUMBER_OBJECT_CONVERSION = YES_AGGRESSIVE;
				CLANG_CXX_LANGUAGE_STANDARD = "gnu++14";
				CLANG_CXX_LIBRARY = "libc++";
				CLANG_ENABLE_MODULES = YES;
				CLANG_ENABLE_OBJC_ARC = YES;
				CLANG_ENABLE_OBJC_WEAK = YES;
				CLANG_WARN_BLOCK_CAPTURE_AUTORELEASING = YES;
				CLANG_WARN_BOOL_CONVERSION = YES;
				CLANG_WARN_COMMA = YES;
				CLANG_WARN_CONSTANT_CONVERSION = YES;
				CLANG_WARN_DEPRECATED_OBJC_IMPLEMENTATIONS = YES;
				CLANG_WARN_DIRECT_OBJC_ISA_USAGE = YES_ERROR;
				CLANG_WARN_DOCUMENTATION_COMMENTS = YES;
				CLANG_WARN_EMPTY_BODY = YES;
				CLANG_WARN_ENUM_CONVERSION = YES;
				CLANG_WARN_INFINITE_RECURSION = YES;
				CLANG_WARN_INT_CONVERSION = YES;
				CLANG_WARN_NON_LITERAL_NULL_CONVERSION = YES;
				CLANG_WARN_OBJC_IMPLICIT_RETAIN_SELF = YES;
				CLANG_WARN_OBJC_LITERAL_CONVERSION = YES;
				CLANG_WARN_OBJC_ROOT_CLASS = YES_ERROR;
				CLANG_WARN_RANGE_LOOP_ANALYSIS = YES;
				CLANG_WARN_STRICT_PROTOTYPES = YES;
				CLANG_WARN_SUSPICIOUS_MOVE = YES;
				CLANG_WARN_UNGUARDED_AVAILABILITY = YES_AGGRESSIVE;
				CLANG_WARN_UNREACHABLE_CODE = YES;
				CLANG_WARN__DUPLICATE_METHOD_MATCH = YES;
				COPY_PHASE_STRIP = NO;
				DEBUG_INFORMATION_FORMAT = dwarf;
				ENABLE_STRICT_OBJC_MSGSEND = YES;
				ENABLE_TESTABILITY = YES;
				GCC_C_LANGUAGE_STANDARD = gnu11;
				GCC_DYNAMIC_NO_PIC = NO;
				GCC_NO_COMMON_BLOCKS = YES;
				GCC_OPTIMIZATION_LEVEL = 0;
				GCC_PREPROCESSOR_DEFINITIONS = (
					"DEBUG=1",
					"$(inherited)",
				);
				GCC_WARN_64_TO_32_BIT_CONVERSION = YES;
				GCC_WARN_ABOUT_RETURN_TYPE = YES_ERROR;
				GCC_WARN_UNDECLARED_SELECTOR = YES;
				GCC_WARN_UNINITIALIZED_AUTOS = YES_AGGRESSIVE;
				GCC_WARN_UNUSED_FUNCTION = YES;
				GCC_WARN_UNUSED_VARIABLE = YES;
				IPHONEOS_DEPLOYMENT_TARGET = 13.7;
				MTL_ENABLE_DEBUG_INFO = INCLUDE_SOURCE;
				MTL_FAST_MATH = YES;
				ONLY_ACTIVE_ARCH = YES;
				SDKROOT = iphoneos;
				SWIFT_ACTIVE_COMPILATION_CONDITIONS = DEBUG;
				SWIFT_OPTIMIZATION_LEVEL = "-Onone";
			};
			name = Debug;
		};
		B15387042508B80200FE3845 /* Release */ = {
			isa = XCBuildConfiguration;
			buildSettings = {
				ALWAYS_SEARCH_USER_PATHS = NO;
				CLANG_ANALYZER_NONNULL = YES;
				CLANG_ANALYZER_NUMBER_OBJECT_CONVERSION = YES_AGGRESSIVE;
				CLANG_CXX_LANGUAGE_STANDARD = "gnu++14";
				CLANG_CXX_LIBRARY = "libc++";
				CLANG_ENABLE_MODULES = YES;
				CLANG_ENABLE_OBJC_ARC = YES;
				CLANG_ENABLE_OBJC_WEAK = YES;
				CLANG_WARN_BLOCK_CAPTURE_AUTORELEASING = YES;
				CLANG_WARN_BOOL_CONVERSION = YES;
				CLANG_WARN_COMMA = YES;
				CLANG_WARN_CONSTANT_CONVERSION = YES;
				CLANG_WARN_DEPRECATED_OBJC_IMPLEMENTATIONS = YES;
				CLANG_WARN_DIRECT_OBJC_ISA_USAGE = YES_ERROR;
				CLANG_WARN_DOCUMENTATION_COMMENTS = YES;
				CLANG_WARN_EMPTY_BODY = YES;
				CLANG_WARN_ENUM_CONVERSION = YES;
				CLANG_WARN_INFINITE_RECURSION = YES;
				CLANG_WARN_INT_CONVERSION = YES;
				CLANG_WARN_NON_LITERAL_NULL_CONVERSION = YES;
				CLANG_WARN_OBJC_IMPLICIT_RETAIN_SELF = YES;
				CLANG_WARN_OBJC_LITERAL_CONVERSION = YES;
				CLANG_WARN_OBJC_ROOT_CLASS = YES_ERROR;
				CLANG_WARN_RANGE_LOOP_ANALYSIS = YES;
				CLANG_WARN_STRICT_PROTOTYPES = YES;
				CLANG_WARN_SUSPICIOUS_MOVE = YES;
				CLANG_WARN_UNGUARDED_AVAILABILITY = YES_AGGRESSIVE;
				CLANG_WARN_UNREACHABLE_CODE = YES;
				CLANG_WARN__DUPLICATE_METHOD_MATCH = YES;
				COPY_PHASE_STRIP = NO;
				DEBUG_INFORMATION_FORMAT = "dwarf-with-dsym";
				ENABLE_NS_ASSERTIONS = NO;
				ENABLE_STRICT_OBJC_MSGSEND = YES;
				GCC_C_LANGUAGE_STANDARD = gnu11;
				GCC_NO_COMMON_BLOCKS = YES;
				GCC_WARN_64_TO_32_BIT_CONVERSION = YES;
				GCC_WARN_ABOUT_RETURN_TYPE = YES_ERROR;
				GCC_WARN_UNDECLARED_SELECTOR = YES;
				GCC_WARN_UNINITIALIZED_AUTOS = YES_AGGRESSIVE;
				GCC_WARN_UNUSED_FUNCTION = YES;
				GCC_WARN_UNUSED_VARIABLE = YES;
				IPHONEOS_DEPLOYMENT_TARGET = 13.7;
				MTL_ENABLE_DEBUG_INFO = NO;
				MTL_FAST_MATH = YES;
				SDKROOT = iphoneos;
				SWIFT_COMPILATION_MODE = wholemodule;
				SWIFT_OPTIMIZATION_LEVEL = "-O";
				VALIDATE_PRODUCT = YES;
			};
			name = Release;
		};
		B15387062508B80200FE3845 /* Debug */ = {
			isa = XCBuildConfiguration;
			baseConfigurationReference = 02A90FD9873B41C8BAF202A0 /* Pods-M1-MeshiQue.debug.xcconfig */;
			buildSettings = {
				ASSETCATALOG_COMPILER_APPICON_NAME = AppIcon;
				CODE_SIGN_STYLE = Automatic;
				DEVELOPMENT_ASSET_PATHS = "\"M1-MeshiQue/Preview Content\"";
				DEVELOPMENT_TEAM = 7ZJJ7KR6WA;
				ENABLE_PREVIEWS = YES;
				INFOPLIST_FILE = "M1-MeshiQue/Info.plist";
				IPHONEOS_DEPLOYMENT_TARGET = 13.7;
				LD_RUNPATH_SEARCH_PATHS = (
					"$(inherited)",
					"@executable_path/Frameworks",
				);
				PRODUCT_BUNDLE_IDENTIFIER = "com.rei.nakaoka.M1-MeshiQue";
				PRODUCT_NAME = "$(TARGET_NAME)";
				SWIFT_VERSION = 5.0;
				TARGETED_DEVICE_FAMILY = 2;
			};
			name = Debug;
		};
		B15387072508B80200FE3845 /* Release */ = {
			isa = XCBuildConfiguration;
			baseConfigurationReference = 0CEA63D32E2FC8014CA8E7E6 /* Pods-M1-MeshiQue.release.xcconfig */;
			buildSettings = {
				ASSETCATALOG_COMPILER_APPICON_NAME = AppIcon;
				CODE_SIGN_STYLE = Automatic;
				DEVELOPMENT_ASSET_PATHS = "\"M1-MeshiQue/Preview Content\"";
				DEVELOPMENT_TEAM = 7ZJJ7KR6WA;
				ENABLE_PREVIEWS = YES;
				INFOPLIST_FILE = "M1-MeshiQue/Info.plist";
				IPHONEOS_DEPLOYMENT_TARGET = 13.7;
				LD_RUNPATH_SEARCH_PATHS = (
					"$(inherited)",
					"@executable_path/Frameworks",
				);
				PRODUCT_BUNDLE_IDENTIFIER = "com.rei.nakaoka.M1-MeshiQue";
				PRODUCT_NAME = "$(TARGET_NAME)";
				SWIFT_VERSION = 5.0;
				TARGETED_DEVICE_FAMILY = 2;
			};
			name = Release;
		};
/* End XCBuildConfiguration section */

/* Begin XCConfigurationList section */
		B15386EC2508B80100FE3845 /* Build configuration list for PBXProject "M1-MeshiQue" */ = {
			isa = XCConfigurationList;
			buildConfigurations = (
				B15387032508B80200FE3845 /* Debug */,
				B15387042508B80200FE3845 /* Release */,
			);
			defaultConfigurationIsVisible = 0;
			defaultConfigurationName = Release;
		};
		B15387052508B80200FE3845 /* Build configuration list for PBXNativeTarget "M1-MeshiQue" */ = {
			isa = XCConfigurationList;
			buildConfigurations = (
				B15387062508B80200FE3845 /* Debug */,
				B15387072508B80200FE3845 /* Release */,
			);
			defaultConfigurationIsVisible = 0;
			defaultConfigurationName = Release;
		};
/* End XCConfigurationList section */
	};
	rootObject = B15386E92508B80100FE3845 /* Project object */;
}
